
Microsoft Visual Studio Solution File, Format Version 12.00
# Visual Studio Version 16
VisualStudioVersion = 16.0.33027.164
MinimumVisualStudioVersion = 10.0.40219.1
Project("{FAE04EC0-301F-11D3-BF4B-00C04F79EFBC}") = "POC_Vijay", "POC_Vijay\POC_Vijay.csproj", "{6936BA66-DECD-444F-A8D8-C0F18EA9F55A}"
EndProject
Global
	GlobalSection(SolutionConfigurationPlatforms) = preSolution
		Debug|Any CPU = Debug|Any CPU
		Release|Any CPU = Release|Any CPU
	EndGlobalSection
	GlobalSection(ProjectConfigurationPlatforms) = postSolution
		{6936BA66-DECD-444F-A8D8-C0F18EA9F55A}.Debug|Any CPU.ActiveCfg = Debug|Any CPU
		{6936BA66-DECD-444F-A8D8-C0F18EA9F55A}.Debug|Any CPU.Build.0 = Debug|Any CPU
		{6936BA66-DECD-444F-A8D8-C0F18EA9F55A}.Release|Any CPU.ActiveCfg = Release|Any CPU
		{6936BA66-DECD-444F-A8D8-C0F18EA9F55A}.Release|Any CPU.Build.0 = Release|Any CPU
	EndGlobalSection
	GlobalSection(SolutionProperties) = preSolution
		HideSolutionNode = FALSE
	EndGlobalSection
	GlobalSection(ExtensibilityGlobals) = postSolution
		SolutionGuid = {377493E9-3B15-4C4E-BDB6-0EC9FF18B649}
	EndGlobalSection
EndGlobal
